// !$*UTF8*$!
{
	archiveVersion = 1;
	classes = {
	};
	objectVersion = 52;
	objects = {

/* Begin PBXBuildFile section */
		0E7E231A268CCE95005ED624 /* testAppApp.swift in Sources */ = {isa = PBXBuildFile; fileRef = 0E7E2319268CCE95005ED624 /* testAppApp.swift */; };
		0E7E231C268CCE95005ED624 /* ContentView.swift in Sources */ = {isa = PBXBuildFile; fileRef = 0E7E231B268CCE95005ED624 /* ContentView.swift */; };
		0E7E231E268CCE97005ED624 /* Assets.xcassets in Resources */ = {isa = PBXBuildFile; fileRef = 0E7E231D268CCE97005ED624 /* Assets.xcassets */; };
		0E7E2321268CCE97005ED624 /* Preview Assets.xcassets in Resources */ = {isa = PBXBuildFile; fileRef = 0E7E2320268CCE97005ED624 /* Preview Assets.xcassets */; };
		0E7E232C268CCE97005ED624 /* testAppTests.swift in Sources */ = {isa = PBXBuildFile; fileRef = 0E7E232B268CCE97005ED624 /* testAppTests.swift */; };
		0E7E2337268CCE97005ED624 /* testAppUITests.swift in Sources */ = {isa = PBXBuildFile; fileRef = 0E7E2336268CCE97005ED624 /* testAppUITests.swift */; };
		0E7E234F26917593005ED624 /* CameraView.swift in Sources */ = {isa = PBXBuildFile; fileRef = 0E7E234E26917593005ED624 /* CameraView.swift */; };
		0E7E23522691BB02005ED624 /* AlertToast in Frameworks */ = {isa = PBXBuildFile; productRef = 0E7E23512691BB02005ED624 /* AlertToast */; };
/* End PBXBuildFile section */

/* Begin PBXContainerItemProxy section */
		0E7E2328268CCE97005ED624 /* PBXContainerItemProxy */ = {
			isa = PBXContainerItemProxy;
			containerPortal = 0E7E230E268CCE95005ED624 /* Project object */;
			proxyType = 1;
			remoteGlobalIDString = 0E7E2315268CCE95005ED624;
			remoteInfo = testApp;
		};
		0E7E2333268CCE97005ED624 /* PBXContainerItemProxy */ = {
			isa = PBXContainerItemProxy;
			containerPortal = 0E7E230E268CCE95005ED624 /* Project object */;
			proxyType = 1;
			remoteGlobalIDString = 0E7E2315268CCE95005ED624;
			remoteInfo = testApp;
		};
/* End PBXContainerItemProxy section */

/* Begin PBXFileReference section */
		0E7E2316268CCE95005ED624 /* testApp.app */ = {isa = PBXFileReference; explicitFileType = wrapper.application; includeInIndex = 0; path = testApp.app; sourceTree = BUILT_PRODUCTS_DIR; };
		0E7E2319268CCE95005ED624 /* testAppApp.swift */ = {isa = PBXFileReference; lastKnownFileType = sourcecode.swift; path = testAppApp.swift; sourceTree = "<group>"; };
		0E7E231B268CCE95005ED624 /* ContentView.swift */ = {isa = PBXFileReference; lastKnownFileType = sourcecode.swift; path = ContentView.swift; sourceTree = "<group>"; };
		0E7E231D268CCE97005ED624 /* Assets.xcassets */ = {isa = PBXFileReference; lastKnownFileType = folder.assetcatalog; path = Assets.xcassets; sourceTree = "<group>"; };
		0E7E2320268CCE97005ED624 /* Preview Assets.xcassets */ = {isa = PBXFileReference; lastKnownFileType = folder.assetcatalog; path = "Preview Assets.xcassets"; sourceTree = "<group>"; };
		0E7E2322268CCE97005ED624 /* Info.plist */ = {isa = PBXFileReference; lastKnownFileType = text.plist.xml; path = Info.plist; sourceTree = "<group>"; };
		0E7E2327268CCE97005ED624 /* testAppTests.xctest */ = {isa = PBXFileReference; explicitFileType = wrapper.cfbundle; includeInIndex = 0; path = testAppTests.xctest; sourceTree = BUILT_PRODUCTS_DIR; };
		0E7E232B268CCE97005ED624 /* testAppTests.swift */ = {isa = PBXFileReference; lastKnownFileType = sourcecode.swift; path = testAppTests.swift; sourceTree = "<group>"; };
		0E7E232D268CCE97005ED624 /* Info.plist */ = {isa = PBXFileReference; lastKnownFileType = text.plist.xml; path = Info.plist; sourceTree = "<group>"; };
		0E7E2332268CCE97005ED624 /* testAppUITests.xctest */ = {isa = PBXFileReference; explicitFileType = wrapper.cfbundle; includeInIndex = 0; path = testAppUITests.xctest; sourceTree = BUILT_PRODUCTS_DIR; };
		0E7E2336268CCE97005ED624 /* testAppUITests.swift */ = {isa = PBXFileReference; lastKnownFileType = sourcecode.swift; path = testAppUITests.swift; sourceTree = "<group>"; };
		0E7E2338268CCE97005ED624 /* Info.plist */ = {isa = PBXFileReference; lastKnownFileType = text.plist.xml; path = Info.plist; sourceTree = "<group>"; };
		0E7E234E26917593005ED624 /* CameraView.swift */ = {isa = PBXFileReference; lastKnownFileType = sourcecode.swift; path = CameraView.swift; sourceTree = "<group>"; };
/* End PBXFileReference section */

/* Begin PBXFrameworksBuildPhase section */
		0E7E2313268CCE95005ED624 /* Frameworks */ = {
			isa = PBXFrameworksBuildPhase;
			buildActionMask = 2147483647;
			files = (
				0E7E23522691BB02005ED624 /* AlertToast in Frameworks */,
			);
			runOnlyForDeploymentPostprocessing = 0;
		};
		0E7E2324268CCE97005ED624 /* Frameworks */ = {
			isa = PBXFrameworksBuildPhase;
			buildActionMask = 2147483647;
			files = (
			);
			runOnlyForDeploymentPostprocessing = 0;
		};
		0E7E232F268CCE97005ED624 /* Frameworks */ = {
			isa = PBXFrameworksBuildPhase;
			buildActionMask = 2147483647;
			files = (
			);
			runOnlyForDeploymentPostprocessing = 0;
		};
/* End PBXFrameworksBuildPhase section */

/* Begin PBXGroup section */
		0E7E230D268CCE95005ED624 = {
			isa = PBXGroup;
			children = (
				0E7E2318268CCE95005ED624 /* testApp */,
				0E7E232A268CCE97005ED624 /* testAppTests */,
				0E7E2335268CCE97005ED624 /* testAppUITests */,
				0E7E2317268CCE95005ED624 /* Products */,
			);
			sourceTree = "<group>";
		};
		0E7E2317268CCE95005ED624 /* Products */ = {
			isa = PBXGroup;
			children = (
				0E7E2316268CCE95005ED624 /* testApp.app */,
				0E7E2327268CCE97005ED624 /* testAppTests.xctest */,
				0E7E2332268CCE97005ED624 /* testAppUITests.xctest */,
			);
			name = Products;
			sourceTree = "<group>";
		};
		0E7E2318268CCE95005ED624 /* testApp */ = {
			isa = PBXGroup;
			children = (
				0E7E2319268CCE95005ED624 /* testAppApp.swift */,
				0E7E231B268CCE95005ED624 /* ContentView.swift */,
				0E7E234E26917593005ED624 /* CameraView.swift */,
				0E7E231D268CCE97005ED624 /* Assets.xcassets */,
				0E7E2322268CCE97005ED624 /* Info.plist */,
				0E7E231F268CCE97005ED624 /* Preview Content */,
			);
			path = testApp;
			sourceTree = "<group>";
		};
		0E7E231F268CCE97005ED624 /* Preview Content */ = {
			isa = PBXGroup;
			children = (
				0E7E2320268CCE97005ED624 /* Preview Assets.xcassets */,
			);
			path = "Preview Content";
			sourceTree = "<group>";
		};
		0E7E232A268CCE97005ED624 /* testAppTests */ = {
			isa = PBXGroup;
			children = (
				0E7E232B268CCE97005ED624 /* testAppTests.swift */,
				0E7E232D268CCE97005ED624 /* Info.plist */,
			);
			path = testAppTests;
			sourceTree = "<group>";
		};
		0E7E2335268CCE97005ED624 /* testAppUITests */ = {
			isa = PBXGroup;
			children = (
				0E7E2336268CCE97005ED624 /* testAppUITests.swift */,
				0E7E2338268CCE97005ED624 /* Info.plist */,
			);
			path = testAppUITests;
			sourceTree = "<group>";
		};
/* End PBXGroup section */

/* Begin PBXNativeTarget section */
		0E7E2315268CCE95005ED624 /* testApp */ = {
			isa = PBXNativeTarget;
			buildConfigurationList = 0E7E233B268CCE97005ED624 /* Build configuration list for PBXNativeTarget "testApp" */;
			buildPhases = (
				0E7E2312268CCE95005ED624 /* Sources */,
				0E7E2313268CCE95005ED624 /* Frameworks */,
				0E7E2314268CCE95005ED624 /* Resources */,
			);
			buildRules = (
			);
			dependencies = (
			);
			name = testApp;
			packageProductDependencies = (
				0E7E23512691BB02005ED624 /* AlertToast */,
			);
			productName = testApp;
			productReference = 0E7E2316268CCE95005ED624 /* testApp.app */;
			productType = "com.apple.product-type.application";
		};
		0E7E2326268CCE97005ED624 /* testAppTests */ = {
			isa = PBXNativeTarget;
			buildConfigurationList = 0E7E233E268CCE97005ED624 /* Build configuration list for PBXNativeTarget "testAppTests" */;
			buildPhases = (
				0E7E2323268CCE97005ED624 /* Sources */,
				0E7E2324268CCE97005ED624 /* Frameworks */,
				0E7E2325268CCE97005ED624 /* Resources */,
			);
			buildRules = (
			);
			dependencies = (
				0E7E2329268CCE97005ED624 /* PBXTargetDependency */,
			);
			name = testAppTests;
			productName = testAppTests;
			productReference = 0E7E2327268CCE97005ED624 /* testAppTests.xctest */;
			productType = "com.apple.product-type.bundle.unit-test";
		};
		0E7E2331268CCE97005ED624 /* testAppUITests */ = {
			isa = PBXNativeTarget;
			buildConfigurationList = 0E7E2341268CCE97005ED624 /* Build configuration list for PBXNativeTarget "testAppUITests" */;
			buildPhases = (
				0E7E232E268CCE97005ED624 /* Sources */,
				0E7E232F268CCE97005ED624 /* Frameworks */,
				0E7E2330268CCE97005ED624 /* Resources */,
			);
			buildRules = (
			);
			dependencies = (
				0E7E2334268CCE97005ED624 /* PBXTargetDependency */,
			);
			name = testAppUITests;
			productName = testAppUITests;
			productReference = 0E7E2332268CCE97005ED624 /* testAppUITests.xctest */;
			productType = "com.apple.product-type.bundle.ui-testing";
		};
/* End PBXNativeTarget section */

/* Begin PBXProject section */
		0E7E230E268CCE95005ED624 /* Project object */ = {
			isa = PBXProject;
			attributes = {
				LastSwiftUpdateCheck = 1250;
				LastUpgradeCheck = 1250;
				TargetAttributes = {
					0E7E2315268CCE95005ED624 = {
						CreatedOnToolsVersion = 12.5.1;
					};
					0E7E2326268CCE97005ED624 = {
						CreatedOnToolsVersion = 12.5.1;
						TestTargetID = 0E7E2315268CCE95005ED624;
					};
					0E7E2331268CCE97005ED624 = {
						CreatedOnToolsVersion = 12.5.1;
						TestTargetID = 0E7E2315268CCE95005ED624;
					};
				};
			};
			buildConfigurationList = 0E7E2311268CCE95005ED624 /* Build configuration list for PBXProject "testApp" */;
			compatibilityVersion = "Xcode 9.3";
			developmentRegion = en;
			hasScannedForEncodings = 0;
			knownRegions = (
				en,
				Base,
			);
			mainGroup = 0E7E230D268CCE95005ED624;
			packageReferences = (
				0E7E23502691BB02005ED624 /* XCRemoteSwiftPackageReference "AlertToast" */,
			);
			productRefGroup = 0E7E2317268CCE95005ED624 /* Products */;
			projectDirPath = "";
			projectRoot = "";
			targets = (
				0E7E2315268CCE95005ED624 /* testApp */,
				0E7E2326268CCE97005ED624 /* testAppTests */,
				0E7E2331268CCE97005ED624 /* testAppUITests */,
			);
		};
/* End PBXProject section */

/* Begin PBXResourcesBuildPhase section */
		0E7E2314268CCE95005ED624 /* Resources */ = {
			isa = PBXResourcesBuildPhase;
			buildActionMask = 2147483647;
			files = (
				0E7E2321268CCE97005ED624 /* Preview Assets.xcassets in Resources */,
				0E7E231E268CCE97005ED624 /* Assets.xcassets in Resources */,
			);
			runOnlyForDeploymentPostprocessing = 0;
		};
		0E7E2325268CCE97005ED624 /* Resources */ = {
			isa = PBXResourcesBuildPhase;
			buildActionMask = 2147483647;
			files = (
			);
			runOnlyForDeploymentPostprocessing = 0;
		};
		0E7E2330268CCE97005ED624 /* Resources */ = {
			isa = PBXResourcesBuildPhase;
			buildActionMask = 2147483647;
			files = (
			);
			runOnlyForDeploymentPostprocessing = 0;
		};
/* End PBXResourcesBuildPhase section */

/* Begin PBXSourcesBuildPhase section */
		0E7E2312268CCE95005ED624 /* Sources */ = {
			isa = PBXSourcesBuildPhase;
			buildActionMask = 2147483647;
			files = (
				0E7E234F26917593005ED624 /* CameraView.swift in Sources */,
				0E7E231C268CCE95005ED624 /* ContentView.swift in Sources */,
				0E7E231A268CCE95005ED624 /* testAppApp.swift in Sources */,
			);
			runOnlyForDeploymentPostprocessing = 0;
		};
		0E7E2323268CCE97005ED624 /* Sources */ = {
			isa = PBXSourcesBuildPhase;
			buildActionMask = 2147483647;
			files = (
				0E7E232C268CCE97005ED624 /* testAppTests.swift in Sources */,
			);
			runOnlyForDeploymentPostprocessing = 0;
		};
		0E7E232E268CCE97005ED624 /* Sources */ = {
			isa = PBXSourcesBuildPhase;
			buildActionMask = 2147483647;
			files = (
				0E7E2337268CCE97005ED624 /* testAppUITests.swift in Sources */,
			);
			runOnlyForDeploymentPostprocessing = 0;
		};
/* End PBXSourcesBuildPhase section */

/* Begin PBXTargetDependency section */
		0E7E2329268CCE97005ED624 /* PBXTargetDependency */ = {
			isa = PBXTargetDependency;
			target = 0E7E2315268CCE95005ED624 /* testApp */;
			targetProxy = 0E7E2328268CCE97005ED624 /* PBXContainerItemProxy */;
		};
		0E7E2334268CCE97005ED624 /* PBXTargetDependency */ = {
			isa = PBXTargetDependency;
			target = 0E7E2315268CCE95005ED624 /* testApp */;
			targetProxy = 0E7E2333268CCE97005ED624 /* PBXContainerItemProxy */;
		};
/* End PBXTargetDependency section */

/* Begin XCBuildConfiguration section */
		0E7E2339268CCE97005ED624 /* Debug */ = {
			isa = XCBuildConfiguration;
			buildSettings = {
				ALWAYS_SEARCH_USER_PATHS = NO;
				CLANG_ANALYZER_NONNULL = YES;
				CLANG_ANALYZER_NUMBER_OBJECT_CONVERSION = YES_AGGRESSIVE;
				CLANG_CXX_LANGUAGE_STANDARD = "gnu++14";
				CLANG_CXX_LIBRARY = "libc++";
				CLANG_ENABLE_MODULES = YES;
				CLANG_ENABLE_OBJC_ARC = YES;
				CLANG_ENABLE_OBJC_WEAK = YES;
				CLANG_WARN_BLOCK_CAPTURE_AUTORELEASING = YES;
				CLANG_WARN_BOOL_CONVERSION = YES;
				CLANG_WARN_COMMA = YES;
				CLANG_WARN_CONSTANT_CONVERSION = YES;
				CLANG_WARN_DEPRECATED_OBJC_IMPLEMENTATIONS = YES;
				CLANG_WARN_DIRECT_OBJC_ISA_USAGE = YES_ERROR;
				CLANG_WARN_DOCUMENTATION_COMMENTS = YES;
				CLANG_WARN_EMPTY_BODY = YES;
				CLANG_WARN_ENUM_CONVERSION = YES;
				CLANG_WARN_INFINITE_RECURSION = YES;
				CLANG_WARN_INT_CONVERSION = YES;
				CLANG_WARN_NON_LITERAL_NULL_CONVERSION = YES;
				CLANG_WARN_OBJC_IMPLICIT_RETAIN_SELF = YES;
				CLANG_WARN_OBJC_LITERAL_CONVERSION = YES;
				CLANG_WARN_OBJC_ROOT_CLASS = YES_ERROR;
				CLANG_WARN_QUOTED_INCLUDE_IN_FRAMEWORK_HEADER = YES;
				CLANG_WARN_RANGE_LOOP_ANALYSIS = YES;
				CLANG_WARN_STRICT_PROTOTYPES = YES;
				CLANG_WARN_SUSPICIOUS_MOVE = YES;
				CLANG_WARN_UNGUARDED_AVAILABILITY = YES_AGGRESSIVE;
				CLANG_WARN_UNREACHABLE_CODE = YES;
				CLANG_WARN__DUPLICATE_METHOD_MATCH = YES;
				COPY_PHASE_STRIP = NO;
				DEBUG_INFORMATION_FORMAT = dwarf;
				ENABLE_STRICT_OBJC_MSGSEND = YES;
				ENABLE_TESTABILITY = YES;
				GCC_C_LANGUAGE_STANDARD = gnu11;
				GCC_DYNAMIC_NO_PIC = NO;
				GCC_NO_COMMON_BLOCKS = YES;
				GCC_OPTIMIZATION_LEVEL = 0;
				GCC_PREPROCESSOR_DEFINITIONS = (
					"DEBUG=1",
					"$(inherited)",
				);
				GCC_WARN_64_TO_32_BIT_CONVERSION = YES;
				GCC_WARN_ABOUT_RETURN_TYPE = YES_ERROR;
				GCC_WARN_UNDECLARED_SELECTOR = YES;
				GCC_WARN_UNINITIALIZED_AUTOS = YES_AGGRESSIVE;
				GCC_WARN_UNUSED_FUNCTION = YES;
				GCC_WARN_UNUSED_VARIABLE = YES;
				IPHONEOS_DEPLOYMENT_TARGET = 14.5;
				MTL_ENABLE_DEBUG_INFO = INCLUDE_SOURCE;
				MTL_FAST_MATH = YES;
				ONLY_ACTIVE_ARCH = YES;
				SDKROOT = iphoneos;
				SWIFT_ACTIVE_COMPILATION_CONDITIONS = DEBUG;
				SWIFT_OPTIMIZATION_LEVEL = "-Onone";
			};
			name = Debug;
		};
		0E7E233A268CCE97005ED624 /* Release */ = {
			isa = XCBuildConfiguration;
			buildSettings = {
				ALWAYS_SEARCH_USER_PATHS = NO;
				CLANG_ANALYZER_NONNULL = YES;
				CLANG_ANALYZER_NUMBER_OBJECT_CONVERSION = YES_AGGRESSIVE;
				CLANG_CXX_LANGUAGE_STANDARD = "gnu++14";
				CLANG_CXX_LIBRARY = "libc++";
				CLANG_ENABLE_MODULES = YES;
				CLANG_ENABLE_OBJC_ARC = YES;
				CLANG_ENABLE_OBJC_WEAK = YES;
				CLANG_WARN_BLOCK_CAPTURE_AUTORELEASING = YES;
				CLANG_WARN_BOOL_CONVERSION = YES;
				CLANG_WARN_COMMA = YES;
				CLANG_WARN_CONSTANT_CONVERSION = YES;
				CLANG_WARN_DEPRECATED_OBJC_IMPLEMENTATIONS = YES;
				CLANG_WARN_DIRECT_OBJC_ISA_USAGE = YES_ERROR;
				CLANG_WARN_DOCUMENTATION_COMMENTS = YES;
				CLANG_WARN_EMPTY_BODY = YES;
				CLANG_WARN_ENUM_CONVERSION = YES;
				CLANG_WARN_INFINITE_RECURSION = YES;
				CLANG_WARN_INT_CONVERSION = YES;
				CLANG_WARN_NON_LITERAL_NULL_CONVERSION = YES;
				CLANG_WARN_OBJC_IMPLICIT_RETAIN_SELF = YES;
				CLANG_WARN_OBJC_LITERAL_CONVERSION = YES;
				CLANG_WARN_OBJC_ROOT_CLASS = YES_ERROR;
				CLANG_WARN_QUOTED_INCLUDE_IN_FRAMEWORK_HEADER = YES;
				CLANG_WARN_RANGE_LOOP_ANALYSIS = YES;
				CLANG_WARN_STRICT_PROTOTYPES = YES;
				CLANG_WARN_SUSPICIOUS_MOVE = YES;
				CLANG_WARN_UNGUARDED_AVAILABILITY = YES_AGGRESSIVE;
				CLANG_WARN_UNREACHABLE_CODE = YES;
				CLANG_WARN__DUPLICATE_METHOD_MATCH = YES;
				COPY_PHASE_STRIP = NO;
				DEBUG_INFORMATION_FORMAT = "dwarf-with-dsym";
				ENABLE_NS_ASSERTIONS = NO;
				ENABLE_STRICT_OBJC_MSGSEND = YES;
				GCC_C_LANGUAGE_STANDARD = gnu11;
				GCC_NO_COMMON_BLOCKS = YES;
				GCC_WARN_64_TO_32_BIT_CONVERSION = YES;
				GCC_WARN_ABOUT_RETURN_TYPE = YES_ERROR;
				GCC_WARN_UNDECLARED_SELECTOR = YES;
				GCC_WARN_UNINITIALIZED_AUTOS = YES_AGGRESSIVE;
				GCC_WARN_UNUSED_FUNCTION = YES;
				GCC_WARN_UNUSED_VARIABLE = YES;
				IPHONEOS_DEPLOYMENT_TARGET = 14.5;
				MTL_ENABLE_DEBUG_INFO = NO;
				MTL_FAST_MATH = YES;
				SDKROOT = iphoneos;
				SWIFT_COMPILATION_MODE = wholemodule;
				SWIFT_OPTIMIZATION_LEVEL = "-O";
				VALIDATE_PRODUCT = YES;
			};
			name = Release;
		};
		0E7E233C268CCE97005ED624 /* Debug */ = {
			isa = XCBuildConfiguration;
			buildSettings = {
				ASSETCATALOG_COMPILER_APPICON_NAME = AppIcon;
				ASSETCATALOG_COMPILER_GLOBAL_ACCENT_COLOR_NAME = AccentColor;
				CODE_SIGN_STYLE = Automatic;
				DEVELOPMENT_ASSET_PATHS = "\"testApp/Preview Content\"";
				DEVELOPMENT_TEAM = PD8958U6Y9;
				ENABLE_PREVIEWS = YES;
				INFOPLIST_FILE = testApp/Info.plist;
				IPHONEOS_DEPLOYMENT_TARGET = 14.0;
				LD_RUNPATH_SEARCH_PATHS = (
					"$(inherited)",
					"@executable_path/Frameworks",
				);
				PRODUCT_BUNDLE_IDENTIFIER = com.transybao.apptest.testApp;
				PRODUCT_NAME = "$(TARGET_NAME)";
				SWIFT_VERSION = 5.0;
				TARGETED_DEVICE_FAMILY = "1,2";
			};
			name = Debug;
		};
		0E7E233D268CCE97005ED624 /* Release */ = {
			isa = XCBuildConfiguration;
			buildSettings = {
				ASSETCATALOG_COMPILER_APPICON_NAME = AppIcon;
				ASSETCATALOG_COMPILER_GLOBAL_ACCENT_COLOR_NAME = AccentColor;
				CODE_SIGN_STYLE = Automatic;
				DEVELOPMENT_ASSET_PATHS = "\"testApp/Preview Content\"";
				DEVELOPMENT_TEAM = PD8958U6Y9;
				ENABLE_PREVIEWS = YES;
				INFOPLIST_FILE = testApp/Info.plist;
				IPHONEOS_DEPLOYMENT_TARGET = 14.0;
				LD_RUNPATH_SEARCH_PATHS = (
					"$(inherited)",
					"@executable_path/Frameworks",
				);
				PRODUCT_BUNDLE_IDENTIFIER = com.transybao.apptest.testApp;
				PRODUCT_NAME = "$(TARGET_NAME)";
				SWIFT_VERSION = 5.0;
				TARGETED_DEVICE_FAMILY = "1,2";
			};
			name = Release;
		};
		0E7E233F268CCE97005ED624 /* Debug */ = {
			isa = XCBuildConfiguration;
			buildSettings = {
				ALWAYS_EMBED_SWIFT_STANDARD_LIBRARIES = YES;
				BUNDLE_LOADER = "$(TEST_HOST)";
				CODE_SIGN_STYLE = Automatic;
				DEVELOPMENT_TEAM = PD8958U6Y9;
				INFOPLIST_FILE = testAppTests/Info.plist;
				IPHONEOS_DEPLOYMENT_TARGET = 14.0;
				LD_RUNPATH_SEARCH_PATHS = (
					"$(inherited)",
					"@executable_path/Frameworks",
					"@loader_path/Frameworks",
				);
				PRODUCT_BUNDLE_IDENTIFIER = com.transybao.apptest.testAppTests;
				PRODUCT_NAME = "$(TARGET_NAME)";
				SWIFT_VERSION = 5.0;
				TARGETED_DEVICE_FAMILY = "1,2";
				TEST_HOST = "$(BUILT_PRODUCTS_DIR)/testApp.app/testApp";
			};
			name = Debug;
		};
		0E7E2340268CCE97005ED624 /* Release */ = {
			isa = XCBuildConfiguration;
			buildSettings = {
				ALWAYS_EMBED_SWIFT_STANDARD_LIBRARIES = YES;
				BUNDLE_LOADER = "$(TEST_HOST)";
				CODE_SIGN_STYLE = Automatic;
				DEVELOPMENT_TEAM = PD8958U6Y9;
				INFOPLIST_FILE = testAppTests/Info.plist;
				IPHONEOS_DEPLOYMENT_TARGET = 14.0;
				LD_RUNPATH_SEARCH_PATHS = (
					"$(inherited)",
					"@executable_path/Frameworks",
					"@loader_path/Frameworks",
				);
				PRODUCT_BUNDLE_IDENTIFIER = com.transybao.apptest.testAppTests;
				PRODUCT_NAME = "$(TARGET_NAME)";
				SWIFT_VERSION = 5.0;
				TARGETED_DEVICE_FAMILY = "1,2";
				TEST_HOST = "$(BUILT_PRODUCTS_DIR)/testApp.app/testApp";
			};
			name = Release;
		};
		0E7E2342268CCE97005ED624 /* Debug */ = {
			isa = XCBuildConfiguration;
			buildSettings = {
				ALWAYS_EMBED_SWIFT_STANDARD_LIBRARIES = YES;
				CODE_SIGN_STYLE = Automatic;
				DEVELOPMENT_TEAM = PD8958U6Y9;
				INFOPLIST_FILE = testAppUITests/Info.plist;
				LD_RUNPATH_SEARCH_PATHS = (
					"$(inherited)",
					"@executable_path/Frameworks",
					"@loader_path/Frameworks",
				);
				PRODUCT_BUNDLE_IDENTIFIER = com.transybao.apptest.testAppUITests;
				PRODUCT_NAME = "$(TARGET_NAME)";
				SWIFT_VERSION = 5.0;
				TARGETED_DEVICE_FAMILY = "1,2";
				TEST_TARGET_NAME = testApp;
			};
			name = Debug;
		};
		0E7E2343268CCE97005ED624 /* Release */ = {
			isa = XCBuildConfiguration;
			buildSettings = {
				ALWAYS_EMBED_SWIFT_STANDARD_LIBRARIES = YES;
				CODE_SIGN_STYLE = Automatic;
				DEVELOPMENT_TEAM = PD8958U6Y9;
				INFOPLIST_FILE = testAppUITests/Info.plist;
				LD_RUNPATH_SEARCH_PATHS = (
					"$(inherited)",
					"@executable_path/Frameworks",
					"@loader_path/Frameworks",
				);
				PRODUCT_BUNDLE_IDENTIFIER = com.transybao.apptest.testAppUITests;
				PRODUCT_NAME = "$(TARGET_NAME)";
				SWIFT_VERSION = 5.0;
				TARGETED_DEVICE_FAMILY = "1,2";
				TEST_TARGET_NAME = testApp;
			};
			name = Release;
		};
/* End XCBuildConfiguration section */

/* Begin XCConfigurationList section */
		0E7E2311268CCE95005ED624 /* Build configuration list for PBXProject "testApp" */ = {
			isa = XCConfigurationList;
			buildConfigurations = (
				0E7E2339268CCE97005ED624 /* Debug */,
				0E7E233A268CCE97005ED624 /* Release */,
			);
			defaultConfigurationIsVisible = 0;
			defaultConfigurationName = Release;
		};
		0E7E233B268CCE97005ED624 /* Build configuration list for PBXNativeTarget "testApp" */ = {
			isa = XCConfigurationList;
			buildConfigurations = (
				0E7E233C268CCE97005ED624 /* Debug */,
				0E7E233D268CCE97005ED624 /* Release */,
			);
			defaultConfigurationIsVisible = 0;
			defaultConfigurationName = Release;
		};
		0E7E233E268CCE97005ED624 /* Build configuration list for PBXNativeTarget "testAppTests" */ = {
			isa = XCConfigurationList;
			buildConfigurations = (
				0E7E233F268CCE97005ED624 /* Debug */,
				0E7E2340268CCE97005ED624 /* Release */,
			);
			defaultConfigurationIsVisible = 0;
			defaultConfigurationName = Release;
		};
		0E7E2341268CCE97005ED624 /* Build configuration list for PBXNativeTarget "testAppUITests" */ = {
			isa = XCConfigurationList;
			buildConfigurations = (
				0E7E2342268CCE97005ED624 /* Debug */,
				0E7E2343268CCE97005ED624 /* Release */,
			);
			defaultConfigurationIsVisible = 0;
			defaultConfigurationName = Release;
		};
/* End XCConfigurationList section */

/* Begin XCRemoteSwiftPackageReference section */
		0E7E23502691BB02005ED624 /* XCRemoteSwiftPackageReference "AlertToast" */ = {
			isa = XCRemoteSwiftPackageReference;
			repositoryURL = "https://github.com/elai950/AlertToast.git";
			requirement = {
				branch = master;
				kind = branch;
			};
		};
/* End XCRemoteSwiftPackageReference section */

/* Begin XCSwiftPackageProductDependency section */
		0E7E23512691BB02005ED624 /* AlertToast */ = {
			isa = XCSwiftPackageProductDependency;
			package = 0E7E23502691BB02005ED624 /* XCRemoteSwiftPackageReference "AlertToast" */;
			productName = AlertToast;
		};
/* End XCSwiftPackageProductDependency section */
	};
	rootObject = 0E7E230E268CCE95005ED624 /* Project object */;
}
